
Microsoft Visual Studio Solution File, Format Version 12.00
# Visual Studio 15
VisualStudioVersion = 15.0.26730.3
MinimumVisualStudioVersion = 10.0.40219.1
Project("{FAE04EC0-301F-11D3-BF4B-00C04F79EFBC}") = "AppViewComponent", "AppViewComponent\AppViewComponent.csproj", "{5929B3BD-A391-4343-9637-025D4BE083C7}"
EndProject
Project("{FAE04EC0-301F-11D3-BF4B-00C04F79EFBC}") = "TestingViewComponents", "TestingViewComponents\TestingViewComponents.csproj", "{183B514F-076E-469A-AB61-9CD2C2FD7422}"
EndProject
Global
	GlobalSection(SolutionConfigurationPlatforms) = preSolution
		Debug|Any CPU = Debug|Any CPU
		Release|Any CPU = Release|Any CPU
	EndGlobalSection
	GlobalSection(ProjectConfigurationPlatforms) = postSolution
		{5929B3BD-A391-4343-9637-025D4BE083C7}.Debug|Any CPU.ActiveCfg = Debug|Any CPU
		{5929B3BD-A391-4343-9637-025D4BE083C7}.Debug|Any CPU.Build.0 = Debug|Any CPU
		{5929B3BD-A391-4343-9637-025D4BE083C7}.Release|Any CPU.ActiveCfg = Release|Any CPU
		{5929B3BD-A391-4343-9637-025D4BE083C7}.Release|Any CPU.Build.0 = Release|Any CPU
		{183B514F-076E-469A-AB61-9CD2C2FD7422}.Debug|Any CPU.ActiveCfg = Debug|Any CPU
		{183B514F-076E-469A-AB61-9CD2C2FD7422}.Debug|Any CPU.Build.0 = Debug|Any CPU
		{183B514F-076E-469A-AB61-9CD2C2FD7422}.Release|Any CPU.ActiveCfg = Release|Any CPU
		{183B514F-076E-469A-AB61-9CD2C2FD7422}.Release|Any CPU.Build.0 = Release|Any CPU
	EndGlobalSection
	GlobalSection(SolutionProperties) = preSolution
		HideSolutionNode = FALSE
	EndGlobalSection
	GlobalSection(ExtensibilityGlobals) = postSolution
		SolutionGuid = {7BC82B8D-005E-4BD5-9BD7-BE2E329163C1}
	EndGlobalSection
EndGlobal
